
Microsoft Visual Studio Solution File, Format Version 12.00
# Visual Studio Version 17
VisualStudioVersion = 17.11.35222.181
MinimumVisualStudioVersion = 10.0.40219.1
Project("{9A19103F-16F7-4668-BE54-9A1E7A4F7556}") = "FeedbackService.UsersInfo", "FeedbackService.UsersInfo\FeedbackService.UsersInfo.csproj", "{F7BFB2EF-A9F5-43F9-A039-EB50631EB40A}"
EndProject
Project("{9A19103F-16F7-4668-BE54-9A1E7A4F7556}") = "FeedbackService.UserInfo.UserInfoModels", "FeedbackService.UserInfo.UserInfoModels\FeedbackService.UserInfo.UserInfoModels.csproj", "{A78FFFC4-D39D-4FE4-A8F6-C6C4A7C39F8D}"
EndProject
Project("{9A19103F-16F7-4668-BE54-9A1E7A4F7556}") = "FeedbackService.UsersInfo.Services", "FeedbackService.UsersInfo.Services\FeedbackService.UsersInfo.Services.csproj", "{79FF4167-6668-4748-A7BF-C830336F0167}"
EndProject
Project("{9A19103F-16F7-4668-BE54-9A1E7A4F7556}") = "FeedbackService.ServiceResult", "..\FeedbackService.ServiceResult\FeedbackService.ServiceResult\FeedbackService.ServiceResult.csproj", "{5AF85B97-6A78-4379-99A8-8C32DDD74C8F}"
EndProject
Global
	GlobalSection(SolutionConfigurationPlatforms) = preSolution
		Debug|Any CPU = Debug|Any CPU
		Release|Any CPU = Release|Any CPU
	EndGlobalSection
	GlobalSection(ProjectConfigurationPlatforms) = postSolution
		{F7BFB2EF-A9F5-43F9-A039-EB50631EB40A}.Debug|Any CPU.ActiveCfg = Debug|Any CPU
		{F7BFB2EF-A9F5-43F9-A039-EB50631EB40A}.Debug|Any CPU.Build.0 = Debug|Any CPU
		{F7BFB2EF-A9F5-43F9-A039-EB50631EB40A}.Release|Any CPU.ActiveCfg = Release|Any CPU
		{F7BFB2EF-A9F5-43F9-A039-EB50631EB40A}.Release|Any CPU.Build.0 = Release|Any CPU
		{A78FFFC4-D39D-4FE4-A8F6-C6C4A7C39F8D}.Debug|Any CPU.ActiveCfg = Debug|Any CPU
		{A78FFFC4-D39D-4FE4-A8F6-C6C4A7C39F8D}.Debug|Any CPU.Build.0 = Debug|Any CPU
		{A78FFFC4-D39D-4FE4-A8F6-C6C4A7C39F8D}.Release|Any CPU.ActiveCfg = Release|Any CPU
		{A78FFFC4-D39D-4FE4-A8F6-C6C4A7C39F8D}.Release|Any CPU.Build.0 = Release|Any CPU
		{79FF4167-6668-4748-A7BF-C830336F0167}.Debug|Any CPU.ActiveCfg = Debug|Any CPU
		{79FF4167-6668-4748-A7BF-C830336F0167}.Debug|Any CPU.Build.0 = Debug|Any CPU
		{79FF4167-6668-4748-A7BF-C830336F0167}.Release|Any CPU.ActiveCfg = Release|Any CPU
		{79FF4167-6668-4748-A7BF-C830336F0167}.Release|Any CPU.Build.0 = Release|Any CPU
		{5AF85B97-6A78-4379-99A8-8C32DDD74C8F}.Debug|Any CPU.ActiveCfg = Debug|Any CPU
		{5AF85B97-6A78-4379-99A8-8C32DDD74C8F}.Debug|Any CPU.Build.0 = Debug|Any CPU
		{5AF85B97-6A78-4379-99A8-8C32DDD74C8F}.Release|Any CPU.ActiveCfg = Release|Any CPU
		{5AF85B97-6A78-4379-99A8-8C32DDD74C8F}.Release|Any CPU.Build.0 = Release|Any CPU
	EndGlobalSection
	GlobalSection(SolutionProperties) = preSolution
		HideSolutionNode = FALSE
	EndGlobalSection
	GlobalSection(ExtensibilityGlobals) = postSolution
		SolutionGuid = {E4421AA4-2D88-4E38-8C32-2C3862EB9029}
	EndGlobalSection
EndGlobal
